// !$*UTF8*$!
{
	archiveVersion = 1;
	classes = {
	};
	objectVersion = 46;
	objects = {

/* Begin PBXBuildFile section */
		01CE9A231EFA677300C9C05D /* AppDelegate.swift in Sources */ = {isa = PBXBuildFile; fileRef = 01CE9A221EFA677300C9C05D /* AppDelegate.swift */; };
		01CE9A251EFA677300C9C05D /* ViewController.swift in Sources */ = {isa = PBXBuildFile; fileRef = 01CE9A241EFA677300C9C05D /* ViewController.swift */; };
		01CE9A281EFA677300C9C05D /* Main.storyboard in Resources */ = {isa = PBXBuildFile; fileRef = 01CE9A261EFA677300C9C05D /* Main.storyboard */; };
		01CE9A2A1EFA677300C9C05D /* Assets.xcassets in Resources */ = {isa = PBXBuildFile; fileRef = 01CE9A291EFA677300C9C05D /* Assets.xcassets */; };
		01CE9A2D1EFA677300C9C05D /* LaunchScreen.storyboard in Resources */ = {isa = PBXBuildFile; fileRef = 01CE9A2B1EFA677300C9C05D /* LaunchScreen.storyboard */; };
/* End PBXBuildFile section */

/* Begin PBXFileReference section */
		01CE9A1F1EFA677300C9C05D /* saFood.app */ = {isa = PBXFileReference; explicitFileType = wrapper.application; includeInIndex = 0; path = saFood.app; sourceTree = BUILT_PRODUCTS_DIR; };
		01CE9A221EFA677300C9C05D /* AppDelegate.swift */ = {isa = PBXFileReference; lastKnownFileType = sourcecode.swift; path = AppDelegate.swift; sourceTree = "<group>"; };
		01CE9A241EFA677300C9C05D /* ViewController.swift */ = {isa = PBXFileReference; lastKnownFileType = sourcecode.swift; path = ViewController.swift; sourceTree = "<group>"; };
		01CE9A271EFA677300C9C05D /* Base */ = {isa = PBXFileReference; lastKnownFileType = file.storyboard; name = Base; path = Base.lproj/Main.storyboard; sourceTree = "<group>"; };
		01CE9A291EFA677300C9C05D /* Assets.xcassets */ = {isa = PBXFileReference; lastKnownFileType = folder.assetcatalog; path = Assets.xcassets; sourceTree = "<group>"; };
		01CE9A2C1EFA677300C9C05D /* Base */ = {isa = PBXFileReference; lastKnownFileType = file.storyboard; name = Base; path = Base.lproj/LaunchScreen.storyboard; sourceTree = "<group>"; };
		01CE9A2E1EFA677300C9C05D /* Info.plist */ = {isa = PBXFileReference; lastKnownFileType = text.plist.xml; path = Info.plist; sourceTree = "<group>"; };
/* End PBXFileReference section */

/* Begin PBXFrameworksBuildPhase section */
		01CE9A1C1EFA677300C9C05D /* Frameworks */ = {
			isa = PBXFrameworksBuildPhase;
			buildActionMask = 2147483647;
			files = (
			);
			runOnlyForDeploymentPostprocessing = 0;
		};
/* End PBXFrameworksBuildPhase section */

/* Begin PBXGroup section */
		01CE9A161EFA677300C9C05D = {
			isa = PBXGroup;
			children = (
				01CE9A211EFA677300C9C05D /* saFood */,
				01CE9A201EFA677300C9C05D /* Products */,
			);
			sourceTree = "<group>";
		};
		01CE9A201EFA677300C9C05D /* Products */ = {
			isa = PBXGroup;
			children = (
				01CE9A1F1EFA677300C9C05D /* saFood.app */,
			);
			name = Products;
			sourceTree = "<group>";
		};
		01CE9A211EFA677300C9C05D /* saFood */ = {
			isa = PBXGroup;
			children = (
				01CE9A221EFA677300C9C05D /* AppDelegate.swift */,
				01CE9A241EFA677300C9C05D /* ViewController.swift */,
				01CE9A261EFA677300C9C05D /* Main.storyboard */,
				01CE9A291EFA677300C9C05D /* Assets.xcassets */,
				01CE9A2B1EFA677300C9C05D /* LaunchScreen.storyboard */,
				01CE9A2E1EFA677300C9C05D /* Info.plist */,
			);
			path = saFood;
			sourceTree = "<group>";
		};
/* End PBXGroup section */

/* Begin PBXNativeTarget section */
		01CE9A1E1EFA677300C9C05D /* saFood */ = {
			isa = PBXNativeTarget;
			buildConfigurationList = 01CE9A311EFA677300C9C05D /* Build configuration list for PBXNativeTarget "saFood" */;
			buildPhases = (
				01CE9A1B1EFA677300C9C05D /* Sources */,
				01CE9A1C1EFA677300C9C05D /* Frameworks */,
				01CE9A1D1EFA677300C9C05D /* Resources */,
			);
			buildRules = (
			);
			dependencies = (
			);
			name = saFood;
			productName = saFood;
			productReference = 01CE9A1F1EFA677300C9C05D /* saFood.app */;
			productType = "com.apple.product-type.application";
		};
/* End PBXNativeTarget section */

/* Begin PBXProject section */
		01CE9A171EFA677300C9C05D /* Project object */ = {
			isa = PBXProject;
			attributes = {
				LastSwiftUpdateCheck = 0830;
				LastUpgradeCheck = 0830;
				ORGANIZATIONNAME = minseo;
				TargetAttributes = {
					01CE9A1E1EFA677300C9C05D = {
						CreatedOnToolsVersion = 8.3.2;
						DevelopmentTeam = ZESNLFKEBA;
						ProvisioningStyle = Automatic;
					};
				};
			};
			buildConfigurationList = 01CE9A1A1EFA677300C9C05D /* Build configuration list for PBXProject "saFood" */;
			compatibilityVersion = "Xcode 3.2";
			developmentRegion = English;
			hasScannedForEncodings = 0;
			knownRegions = (
				en,
				Base,
			);
			mainGroup = 01CE9A161EFA677300C9C05D;
			productRefGroup = 01CE9A201EFA677300C9C05D /* Products */;
			projectDirPath = "";
			projectRoot = "";
			targets = (
				01CE9A1E1EFA677300C9C05D /* saFood */,
			);
		};
/* End PBXProject section */

/* Begin PBXResourcesBuildPhase section */
		01CE9A1D1EFA677300C9C05D /* Resources */ = {
			isa = PBXResourcesBuildPhase;
			buildActionMask = 2147483647;
			files = (
				01CE9A2D1EFA677300C9C05D /* LaunchScreen.storyboard in Resources */,
				01CE9A2A1EFA677300C9C05D /* Assets.xcassets in Resources */,
				01CE9A281EFA677300C9C05D /* Main.storyboard in Resources */,
			);
			runOnlyForDeploymentPostprocessing = 0;
		};
/* End PBXResourcesBuildPhase section */

/* Begin PBXSourcesBuildPhase section */
		01CE9A1B1EFA677300C9C05D /* Sources */ = {
			isa = PBXSourcesBuildPhase;
			buildActionMask = 2147483647;
			files = (
				01CE9A251EFA677300C9C05D /* ViewController.swift in Sources */,
				01CE9A231EFA677300C9C05D /* AppDelegate.swift in Sources */,
			);
			runOnlyForDeploymentPostprocessing = 0;
		};
/* End PBXSourcesBuildPhase section */

/* Begin PBXVariantGroup section */
		01CE9A261EFA677300C9C05D /* Main.storyboard */ = {
			isa = PBXVariantGroup;
			children = (
				01CE9A271EFA677300C9C05D /* Base */,
			);
			name = Main.storyboard;
			sourceTree = "<group>";
		};
		01CE9A2B1EFA677300C9C05D /* LaunchScreen.storyboard */ = {
			isa = PBXVariantGroup;
			children = (
				01CE9A2C1EFA677300C9C05D /* Base */,
			);
			name = LaunchScreen.storyboard;
			sourceTree = "<group>";
		};
/* End PBXVariantGroup section */

/* Begin XCBuildConfiguration section */
		01CE9A2F1EFA677300C9C05D /* Debug */ = {
			isa = XCBuildConfiguration;
			buildSettings = {
				ALWAYS_SEARCH_USER_PATHS = NO;
				CLANG_ANALYZER_NONNULL = YES;
				CLANG_ANALYZER_NUMBER_OBJECT_CONVERSION = YES_AGGRESSIVE;
				CLANG_CXX_LANGUAGE_STANDARD = "gnu++0x";
				CLANG_CXX_LIBRARY = "libc++";
				CLANG_ENABLE_MODULES = YES;
				CLANG_ENABLE_OBJC_ARC = YES;
				CLANG_WARN_BOOL_CONVERSION = YES;
				CLANG_WARN_CONSTANT_CONVERSION = YES;
				CLANG_WARN_DIRECT_OBJC_ISA_USAGE = YES_ERROR;
				CLANG_WARN_DOCUMENTATION_COMMENTS = YES;
				CLANG_WARN_EMPTY_BODY = YES;
				CLANG_WARN_ENUM_CONVERSION = YES;
				CLANG_WARN_INFINITE_RECURSION = YES;
				CLANG_WARN_INT_CONVERSION = YES;
				CLANG_WARN_OBJC_ROOT_CLASS = YES_ERROR;
				CLANG_WARN_SUSPICIOUS_MOVE = YES;
				CLANG_WARN_UNREACHABLE_CODE = YES;
				CLANG_WARN__DUPLICATE_METHOD_MATCH = YES;
				"CODE_SIGN_IDENTITY[sdk=iphoneos*]" = "iPhone Developer";
				COPY_PHASE_STRIP = NO;
				DEBUG_INFORMATION_FORMAT = dwarf;
				ENABLE_STRICT_OBJC_MSGSEND = YES;
				ENABLE_TESTABILITY = YES;
				GCC_C_LANGUAGE_STANDARD = gnu99;
				GCC_DYNAMIC_NO_PIC = NO;
				GCC_NO_COMMON_BLOCKS = YES;
				GCC_OPTIMIZATION_LEVEL = 0;
				GCC_PREPROCESSOR_DEFINITIONS = (
					"DEBUG=1",
					"$(inherited)",
				);
				GCC_WARN_64_TO_32_BIT_CONVERSION = YES;
				GCC_WARN_ABOUT_RETURN_TYPE = YES_ERROR;
				GCC_WARN_UNDECLARED_SELECTOR = YES;
				GCC_WARN_UNINITIALIZED_AUTOS = YES_AGGRESSIVE;
				GCC_WARN_UNUSED_FUNCTION = YES;
				GCC_WARN_UNUSED_VARIABLE = YES;
				IPHONEOS_DEPLOYMENT_TARGET = 10.3;
				MTL_ENABLE_DEBUG_INFO = YES;
				ONLY_ACTIVE_ARCH = YES;
				SDKROOT = iphoneos;
				SWIFT_ACTIVE_COMPILATION_CONDITIONS = DEBUG;
				SWIFT_OPTIMIZATION_LEVEL = "-Onone";
			};
			name = Debug;
		};
		01CE9A301EFA677300C9C05D /* Release */ = {
			isa = XCBuildConfiguration;
			buildSettings = {
				ALWAYS_SEARCH_USER_PATHS = NO;
				CLANG_ANALYZER_NONNULL = YES;
				CLANG_ANALYZER_NUMBER_OBJECT_CONVERSION = YES_AGGRESSIVE;
				CLANG_CXX_LANGUAGE_STANDARD = "gnu++0x";
				CLANG_CXX_LIBRARY = "libc++";
				CLANG_ENABLE_MODULES = YES;
				CLANG_ENABLE_OBJC_ARC = YES;
				CLANG_WARN_BOOL_CONVERSION = YES;
				CLANG_WARN_CONSTANT_CONVERSION = YES;
				CLANG_WARN_DIRECT_OBJC_ISA_USAGE = YES_ERROR;
				CLANG_WARN_DOCUMENTATION_COMMENTS = YES;
				CLANG_WARN_EMPTY_BODY = YES;
				CLANG_WARN_ENUM_CONVERSION = YES;
				CLANG_WARN_INFINITE_RECURSION = YES;
				CLANG_WARN_INT_CONVERSION = YES;
				CLANG_WARN_OBJC_ROOT_CLASS = YES_ERROR;
				CLANG_WARN_SUSPICIOUS_MOVE = YES;
				CLANG_WARN_UNREACHABLE_CODE = YES;
				CLANG_WARN__DUPLICATE_METHOD_MATCH = YES;
				"CODE_SIGN_IDENTITY[sdk=iphoneos*]" = "iPhone Developer";
				COPY_PHASE_STRIP = NO;
				DEBUG_INFORMATION_FORMAT = "dwarf-with-dsym";
				ENABLE_NS_ASSERTIONS = NO;
				ENABLE_STRICT_OBJC_MSGSEND = YES;
				GCC_C_LANGUAGE_STANDARD = gnu99;
				GCC_NO_COMMON_BLOCKS = YES;
				GCC_WARN_64_TO_32_BIT_CONVERSION = YES;
				GCC_WARN_ABOUT_RETURN_TYPE = YES_ERROR;
				GCC_WARN_UNDECLARED_SELECTOR = YES;
				GCC_WARN_UNINITIALIZED_AUTOS = YES_AGGRESSIVE;
				GCC_WARN_UNUSED_FUNCTION = YES;
				GCC_WARN_UNUSED_VARIABLE = YES;
				IPHONEOS_DEPLOYMENT_TARGET = 10.3;
				MTL_ENABLE_DEBUG_INFO = NO;
				SDKROOT = iphoneos;
				SWIFT_OPTIMIZATION_LEVEL = "-Owholemodule";
				VALIDATE_PRODUCT = YES;
			};
			name = Release;
		};
		01CE9A321EFA677300C9C05D /* Debug */ = {
			isa = XCBuildConfiguration;
			buildSettings = {
				ASSETCATALOG_COMPILER_APPICON_NAME = AppIcon;
				DEVELOPMENT_TEAM = ZESNLFKEBA;
				INFOPLIST_FILE = saFood/Info.plist;
				LD_RUNPATH_SEARCH_PATHS = "$(inherited) @executable_path/Frameworks";
				PRODUCT_BUNDLE_IDENTIFIER = com.minseo.saFood;
				PRODUCT_NAME = "$(TARGET_NAME)";
				SWIFT_VERSION = 3.0;
			};
			name = Debug;
		};
		01CE9A331EFA677300C9C05D /* Release */ = {
			isa = XCBuildConfiguration;
			buildSettings = {
				ASSETCATALOG_COMPILER_APPICON_NAME = AppIcon;
				DEVELOPMENT_TEAM = ZESNLFKEBA;
				INFOPLIST_FILE = saFood/Info.plist;
				LD_RUNPATH_SEARCH_PATHS = "$(inherited) @executable_path/Frameworks";
				PRODUCT_BUNDLE_IDENTIFIER = com.minseo.saFood;
				PRODUCT_NAME = "$(TARGET_NAME)";
				SWIFT_VERSION = 3.0;
			};
			name = Release;
		};
/* End XCBuildConfiguration section */

/* Begin XCConfigurationList section */
		01CE9A1A1EFA677300C9C05D /* Build configuration list for PBXProject "saFood" */ = {
			isa = XCConfigurationList;
			buildConfigurations = (
				01CE9A2F1EFA677300C9C05D /* Debug */,
				01CE9A301EFA677300C9C05D /* Release */,
			);
			defaultConfigurationIsVisible = 0;
			defaultConfigurationName = Release;
		};
		01CE9A311EFA677300C9C05D /* Build configuration list for PBXNativeTarget "saFood" */ = {
			isa = XCConfigurationList;
			buildConfigurations = (
				01CE9A321EFA677300C9C05D /* Debug */,
				01CE9A331EFA677300C9C05D /* Release */,
			);
			defaultConfigurationIsVisible = 0;
		};
/* End XCConfigurationList section */
	};
	rootObject = 01CE9A171EFA677300C9C05D /* Project object */;
}
